lockfileVersion: '9.0'

settings:
  autoInstallPeers: true
  excludeLinksFromLockfile: false

importers:

  .:
    devDependencies:
      typescript:
        specifier: ~5.9.3
        version: 5.9.3

  data:
    dependencies:
      zod:
        specifier: ^4.3.6
        version: 4.3.6
    devDependencies:
      '@types/node':
        specifier: ^24.0.0
        version: 24.10.11

packages:

  '@types/node@24.10.11':
    resolution: {integrity: sha512-/Af7O8r1frCVgOz0I62jWUtMohJ0/ZQU/ZoketltOJPZpnb17yoNc9BSoVuV9qlaIXJiPNOpsfq4ByFajSArNQ==}

  typescript@5.9.3:
    resolution: {integrity: sha512-jl1vZzPDinLr9eUt3J/t7V6FgNEw9QjvBPdysz9KfQDD41fQrC2Y4vKQdiaUpFT4bXlb1RHhLpp8wtm6M5TgSw==}
    engines: {node: '>=14.17'}
    hasBin: true

  undici-types@7.16.0:
    resolution: {integrity: sha512-Zz+aZWSj8LE6zoxD+xrjh4VfkIG8Ya6LvYkZqtUQGJPZjYl53ypCaUwWqo7eI0x66KBGeRo+mlBEkMSeSZ38Nw==}

  zod@4.3.6:
    resolution: {integrity: sha512-rftlrkhHZOcjDwkGlnUtZZkvaPHCsDATp4pGpuOOMDaTdDDXF91wuVDJoWoPsKX/3YPQ5fHuF3STjcYyKr+Qhg==}

snapshots:

  '@types/node@24.10.11':
    dependencies:
      undici-types: 7.16.0

  typescript@5.9.3: {}

  undici-types@7.16.0: {}

  zod@4.3.6: {}
